
Microsoft Visual Studio Solution File, Format Version 12.00
# Visual Studio 15
VisualStudioVersion = 15.0.26124.0
MinimumVisualStudioVersion = 15.0.26124.0
Project("{2150E333-8FDC-42A3-9474-1A3956D46DE8}") = "src", "src", "{7F1F380A-5CEE-4AE2-8AA3-AF6CC4035115}"
EndProject
Project("{2150E333-8FDC-42A3-9474-1A3956D46DE8}") = "test", "test", "{E6C16854-8EFA-4052-8A69-D70846BB11CB}"
EndProject
Project("{F2A71F9B-5D33-465A-A702-920D77279786}") = "Tests", "test\Tests\Tests.fsproj", "{72000979-EE65-4E42-A0F0-8976A13F5192}"
EndProject
Project("{F2A71F9B-5D33-465A-A702-920D77279786}") = "Stacka.Arbetsformedlingen", "src\Stacka.Arbetsformedlingen\Stacka.Arbetsformedlingen.fsproj", "{64D2F515-E088-4A97-99DC-4265F54370CB}"
EndProject
Project("{F2A71F9B-5D33-465A-A702-920D77279786}") = "Stacka.Languages", "src\Stacka.Languages\Stacka.Languages.fsproj", "{9989FD86-B790-4672-90D4-1EAA0AF761A4}"
EndProject
Project("{F2A71F9B-5D33-465A-A702-920D77279786}") = "Stacka", "src\Stacka\Stacka.fsproj", "{87F57113-C114-4AFB-A8B7-4B7D28C2C0C9}"
EndProject
Project("{F2A71F9B-5D33-465A-A702-920D77279786}") = "Stacka.Languages.Tests", "test\Stacka.Languages.Tests\Stacka.Languages.Tests.fsproj", "{97DFF534-29D5-4EC2-BEF7-90FA28EABEA6}"
EndProject
Project("{F2A71F9B-5D33-465A-A702-920D77279786}") = "Stacka.Jobtech", "src\Stacka.Jobtech\Stacka.Jobtech.fsproj", "{62BB3541-04B9-4EE7-A311-9C4EB2C8F7B6}"
EndProject
Global
	GlobalSection(SolutionConfigurationPlatforms) = preSolution
		Debug|Any CPU = Debug|Any CPU
		Debug|x64 = Debug|x64
		Debug|x86 = Debug|x86
		Release|Any CPU = Release|Any CPU
		Release|x64 = Release|x64
		Release|x86 = Release|x86
	EndGlobalSection
	GlobalSection(SolutionProperties) = preSolution
		HideSolutionNode = FALSE
	EndGlobalSection
	GlobalSection(ProjectConfigurationPlatforms) = postSolution
		{72000979-EE65-4E42-A0F0-8976A13F5192}.Debug|Any CPU.ActiveCfg = Debug|Any CPU
		{72000979-EE65-4E42-A0F0-8976A13F5192}.Debug|Any CPU.Build.0 = Debug|Any CPU
		{72000979-EE65-4E42-A0F0-8976A13F5192}.Debug|x64.ActiveCfg = Debug|Any CPU
		{72000979-EE65-4E42-A0F0-8976A13F5192}.Debug|x64.Build.0 = Debug|Any CPU
		{72000979-EE65-4E42-A0F0-8976A13F5192}.Debug|x86.ActiveCfg = Debug|Any CPU
		{72000979-EE65-4E42-A0F0-8976A13F5192}.Debug|x86.Build.0 = Debug|Any CPU
		{72000979-EE65-4E42-A0F0-8976A13F5192}.Release|Any CPU.ActiveCfg = Release|Any CPU
		{72000979-EE65-4E42-A0F0-8976A13F5192}.Release|Any CPU.Build.0 = Release|Any CPU
		{72000979-EE65-4E42-A0F0-8976A13F5192}.Release|x64.ActiveCfg = Release|Any CPU
		{72000979-EE65-4E42-A0F0-8976A13F5192}.Release|x64.Build.0 = Release|Any CPU
		{72000979-EE65-4E42-A0F0-8976A13F5192}.Release|x86.ActiveCfg = Release|Any CPU
		{72000979-EE65-4E42-A0F0-8976A13F5192}.Release|x86.Build.0 = Release|Any CPU
		{64D2F515-E088-4A97-99DC-4265F54370CB}.Debug|Any CPU.ActiveCfg = Debug|Any CPU
		{64D2F515-E088-4A97-99DC-4265F54370CB}.Debug|Any CPU.Build.0 = Debug|Any CPU
		{64D2F515-E088-4A97-99DC-4265F54370CB}.Debug|x64.ActiveCfg = Debug|Any CPU
		{64D2F515-E088-4A97-99DC-4265F54370CB}.Debug|x64.Build.0 = Debug|Any CPU
		{64D2F515-E088-4A97-99DC-4265F54370CB}.Debug|x86.ActiveCfg = Debug|Any CPU
		{64D2F515-E088-4A97-99DC-4265F54370CB}.Debug|x86.Build.0 = Debug|Any CPU
		{64D2F515-E088-4A97-99DC-4265F54370CB}.Release|Any CPU.ActiveCfg = Release|Any CPU
		{64D2F515-E088-4A97-99DC-4265F54370CB}.Release|Any CPU.Build.0 = Release|Any CPU
		{64D2F515-E088-4A97-99DC-4265F54370CB}.Release|x64.ActiveCfg = Release|Any CPU
		{64D2F515-E088-4A97-99DC-4265F54370CB}.Release|x64.Build.0 = Release|Any CPU
		{64D2F515-E088-4A97-99DC-4265F54370CB}.Release|x86.ActiveCfg = Release|Any CPU
		{64D2F515-E088-4A97-99DC-4265F54370CB}.Release|x86.Build.0 = Release|Any CPU
		{9989FD86-B790-4672-90D4-1EAA0AF761A4}.Debug|Any CPU.ActiveCfg = Debug|Any CPU
		{9989FD86-B790-4672-90D4-1EAA0AF761A4}.Debug|Any CPU.Build.0 = Debug|Any CPU
		{9989FD86-B790-4672-90D4-1EAA0AF761A4}.Debug|x64.ActiveCfg = Debug|Any CPU
		{9989FD86-B790-4672-90D4-1EAA0AF761A4}.Debug|x64.Build.0 = Debug|Any CPU
		{9989FD86-B790-4672-90D4-1EAA0AF761A4}.Debug|x86.ActiveCfg = Debug|Any CPU
		{9989FD86-B790-4672-90D4-1EAA0AF761A4}.Debug|x86.Build.0 = Debug|Any CPU
		{9989FD86-B790-4672-90D4-1EAA0AF761A4}.Release|Any CPU.ActiveCfg = Release|Any CPU
		{9989FD86-B790-4672-90D4-1EAA0AF761A4}.Release|Any CPU.Build.0 = Release|Any CPU
		{9989FD86-B790-4672-90D4-1EAA0AF761A4}.Release|x64.ActiveCfg = Release|Any CPU
		{9989FD86-B790-4672-90D4-1EAA0AF761A4}.Release|x64.Build.0 = Release|Any CPU
		{9989FD86-B790-4672-90D4-1EAA0AF761A4}.Release|x86.ActiveCfg = Release|Any CPU
		{9989FD86-B790-4672-90D4-1EAA0AF761A4}.Release|x86.Build.0 = Release|Any CPU
		{87F57113-C114-4AFB-A8B7-4B7D28C2C0C9}.Debug|Any CPU.ActiveCfg = Debug|Any CPU
		{87F57113-C114-4AFB-A8B7-4B7D28C2C0C9}.Debug|Any CPU.Build.0 = Debug|Any CPU
		{87F57113-C114-4AFB-A8B7-4B7D28C2C0C9}.Debug|x64.ActiveCfg = Debug|Any CPU
		{87F57113-C114-4AFB-A8B7-4B7D28C2C0C9}.Debug|x64.Build.0 = Debug|Any CPU
		{87F57113-C114-4AFB-A8B7-4B7D28C2C0C9}.Debug|x86.ActiveCfg = Debug|Any CPU
		{87F57113-C114-4AFB-A8B7-4B7D28C2C0C9}.Debug|x86.Build.0 = Debug|Any CPU
		{87F57113-C114-4AFB-A8B7-4B7D28C2C0C9}.Release|Any CPU.ActiveCfg = Release|Any CPU
		{87F57113-C114-4AFB-A8B7-4B7D28C2C0C9}.Release|Any CPU.Build.0 = Release|Any CPU
		{87F57113-C114-4AFB-A8B7-4B7D28C2C0C9}.Release|x64.ActiveCfg = Release|Any CPU
		{87F57113-C114-4AFB-A8B7-4B7D28C2C0C9}.Release|x64.Build.0 = Release|Any CPU
		{87F57113-C114-4AFB-A8B7-4B7D28C2C0C9}.Release|x86.ActiveCfg = Release|Any CPU
		{87F57113-C114-4AFB-A8B7-4B7D28C2C0C9}.Release|x86.Build.0 = Release|Any CPU
		{97DFF534-29D5-4EC2-BEF7-90FA28EABEA6}.Debug|Any CPU.ActiveCfg = Debug|Any CPU
		{97DFF534-29D5-4EC2-BEF7-90FA28EABEA6}.Debug|Any CPU.Build.0 = Debug|Any CPU
		{97DFF534-29D5-4EC2-BEF7-90FA28EABEA6}.Debug|x64.ActiveCfg = Debug|Any CPU
		{97DFF534-29D5-4EC2-BEF7-90FA28EABEA6}.Debug|x64.Build.0 = Debug|Any CPU
		{97DFF534-29D5-4EC2-BEF7-90FA28EABEA6}.Debug|x86.ActiveCfg = Debug|Any CPU
		{97DFF534-29D5-4EC2-BEF7-90FA28EABEA6}.Debug|x86.Build.0 = Debug|Any CPU
		{97DFF534-29D5-4EC2-BEF7-90FA28EABEA6}.Release|Any CPU.ActiveCfg = Release|Any CPU
		{97DFF534-29D5-4EC2-BEF7-90FA28EABEA6}.Release|Any CPU.Build.0 = Release|Any CPU
		{97DFF534-29D5-4EC2-BEF7-90FA28EABEA6}.Release|x64.ActiveCfg = Release|Any CPU
		{97DFF534-29D5-4EC2-BEF7-90FA28EABEA6}.Release|x64.Build.0 = Release|Any CPU
		{97DFF534-29D5-4EC2-BEF7-90FA28EABEA6}.Release|x86.ActiveCfg = Release|Any CPU
		{97DFF534-29D5-4EC2-BEF7-90FA28EABEA6}.Release|x86.Build.0 = Release|Any CPU
		{62BB3541-04B9-4EE7-A311-9C4EB2C8F7B6}.Debug|Any CPU.ActiveCfg = Debug|Any CPU
		{62BB3541-04B9-4EE7-A311-9C4EB2C8F7B6}.Debug|Any CPU.Build.0 = Debug|Any CPU
		{62BB3541-04B9-4EE7-A311-9C4EB2C8F7B6}.Debug|x64.ActiveCfg = Debug|Any CPU
		{62BB3541-04B9-4EE7-A311-9C4EB2C8F7B6}.Debug|x64.Build.0 = Debug|Any CPU
		{62BB3541-04B9-4EE7-A311-9C4EB2C8F7B6}.Debug|x86.ActiveCfg = Debug|Any CPU
		{62BB3541-04B9-4EE7-A311-9C4EB2C8F7B6}.Debug|x86.Build.0 = Debug|Any CPU
		{62BB3541-04B9-4EE7-A311-9C4EB2C8F7B6}.Release|Any CPU.ActiveCfg = Release|Any CPU
		{62BB3541-04B9-4EE7-A311-9C4EB2C8F7B6}.Release|Any CPU.Build.0 = Release|Any CPU
		{62BB3541-04B9-4EE7-A311-9C4EB2C8F7B6}.Release|x64.ActiveCfg = Release|Any CPU
		{62BB3541-04B9-4EE7-A311-9C4EB2C8F7B6}.Release|x64.Build.0 = Release|Any CPU
		{62BB3541-04B9-4EE7-A311-9C4EB2C8F7B6}.Release|x86.ActiveCfg = Release|Any CPU
		{62BB3541-04B9-4EE7-A311-9C4EB2C8F7B6}.Release|x86.Build.0 = Release|Any CPU
	EndGlobalSection
	GlobalSection(NestedProjects) = preSolution
		{72000979-EE65-4E42-A0F0-8976A13F5192} = {E6C16854-8EFA-4052-8A69-D70846BB11CB}
		{64D2F515-E088-4A97-99DC-4265F54370CB} = {7F1F380A-5CEE-4AE2-8AA3-AF6CC4035115}
		{9989FD86-B790-4672-90D4-1EAA0AF761A4} = {7F1F380A-5CEE-4AE2-8AA3-AF6CC4035115}
		{87F57113-C114-4AFB-A8B7-4B7D28C2C0C9} = {7F1F380A-5CEE-4AE2-8AA3-AF6CC4035115}
		{97DFF534-29D5-4EC2-BEF7-90FA28EABEA6} = {E6C16854-8EFA-4052-8A69-D70846BB11CB}
		{62BB3541-04B9-4EE7-A311-9C4EB2C8F7B6} = {7F1F380A-5CEE-4AE2-8AA3-AF6CC4035115}
	EndGlobalSection
EndGlobal
